
Microsoft Visual Studio Solution File, Format Version 12.00
# Visual Studio 15
VisualStudioVersion = 15.0.27004.2005
MinimumVisualStudioVersion = 10.0.40219.1
Project("{9A19103F-16F7-4668-BE54-9A1E7A4F7556}") = "01. OddLines", "01. OddLines\01. OddLines.csproj", "{4F63CC51-9F85-41BA-9463-2B75933C462E}"
EndProject
Project("{9A19103F-16F7-4668-BE54-9A1E7A4F7556}") = "02. LineNumbers", "02. LineNumbers\02. LineNumbers.csproj", "{5BE7E294-B27F-498B-B5DE-B0D41885F7A2}"
EndProject
Project("{9A19103F-16F7-4668-BE54-9A1E7A4F7556}") = "03. WordCount", "03. WordCount\03. WordCount.csproj", "{C879CA88-C082-4503-B522-DFBE2B4BDFBB}"
EndProject
Project("{9A19103F-16F7-4668-BE54-9A1E7A4F7556}") = "04. CopyBinaryFile", "04. CopyBinaryFile\04. CopyBinaryFile.csproj", "{400BA811-5BD8-409A-B5C5-F028744172BE}"
EndProject
Project("{9A19103F-16F7-4668-BE54-9A1E7A4F7556}") = "05. SlicingFiles", "05. SlicingFiles\05. SlicingFiles.csproj", "{5960BC94-46A8-429F-91F5-DF539549A972}"
EndProject
Project("{9A19103F-16F7-4668-BE54-9A1E7A4F7556}") = "06. ZippingSlicedFiles", "06. ZippingSlicedFiles\06. ZippingSlicedFiles.csproj", "{980F99FB-0B5F-4C47-89B8-9F8FC787C575}"
EndProject
Project("{FAE04EC0-301F-11D3-BF4B-00C04F79EFBC}") = "07. DirectoryTraversal", "07. DirectoryTraversal\07. DirectoryTraversal.csproj", "{D95AC616-EE5D-42C5-B875-32BB41547432}"
EndProject
Global
	GlobalSection(SolutionConfigurationPlatforms) = preSolution
		Debug|Any CPU = Debug|Any CPU
		Release|Any CPU = Release|Any CPU
	EndGlobalSection
	GlobalSection(ProjectConfigurationPlatforms) = postSolution
		{4F63CC51-9F85-41BA-9463-2B75933C462E}.Debug|Any CPU.ActiveCfg = Debug|Any CPU
		{4F63CC51-9F85-41BA-9463-2B75933C462E}.Debug|Any CPU.Build.0 = Debug|Any CPU
		{4F63CC51-9F85-41BA-9463-2B75933C462E}.Release|Any CPU.ActiveCfg = Release|Any CPU
		{4F63CC51-9F85-41BA-9463-2B75933C462E}.Release|Any CPU.Build.0 = Release|Any CPU
		{5BE7E294-B27F-498B-B5DE-B0D41885F7A2}.Debug|Any CPU.ActiveCfg = Debug|Any CPU
		{5BE7E294-B27F-498B-B5DE-B0D41885F7A2}.Debug|Any CPU.Build.0 = Debug|Any CPU
		{5BE7E294-B27F-498B-B5DE-B0D41885F7A2}.Release|Any CPU.ActiveCfg = Release|Any CPU
		{5BE7E294-B27F-498B-B5DE-B0D41885F7A2}.Release|Any CPU.Build.0 = Release|Any CPU
		{C879CA88-C082-4503-B522-DFBE2B4BDFBB}.Debug|Any CPU.ActiveCfg = Debug|Any CPU
		{C879CA88-C082-4503-B522-DFBE2B4BDFBB}.Debug|Any CPU.Build.0 = Debug|Any CPU
		{C879CA88-C082-4503-B522-DFBE2B4BDFBB}.Release|Any CPU.ActiveCfg = Release|Any CPU
		{C879CA88-C082-4503-B522-DFBE2B4BDFBB}.Release|Any CPU.Build.0 = Release|Any CPU
		{400BA811-5BD8-409A-B5C5-F028744172BE}.Debug|Any CPU.ActiveCfg = Debug|Any CPU
		{400BA811-5BD8-409A-B5C5-F028744172BE}.Debug|Any CPU.Build.0 = Debug|Any CPU
		{400BA811-5BD8-409A-B5C5-F028744172BE}.Release|Any CPU.ActiveCfg = Release|Any CPU
		{400BA811-5BD8-409A-B5C5-F028744172BE}.Release|Any CPU.Build.0 = Release|Any CPU
		{5960BC94-46A8-429F-91F5-DF539549A972}.Debug|Any CPU.ActiveCfg = Debug|Any CPU
		{5960BC94-46A8-429F-91F5-DF539549A972}.Debug|Any CPU.Build.0 = Debug|Any CPU
		{5960BC94-46A8-429F-91F5-DF539549A972}.Release|Any CPU.ActiveCfg = Release|Any CPU
		{5960BC94-46A8-429F-91F5-DF539549A972}.Release|Any CPU.Build.0 = Release|Any CPU
		{980F99FB-0B5F-4C47-89B8-9F8FC787C575}.Debug|Any CPU.ActiveCfg = Debug|Any CPU
		{980F99FB-0B5F-4C47-89B8-9F8FC787C575}.Debug|Any CPU.Build.0 = Debug|Any CPU
		{980F99FB-0B5F-4C47-89B8-9F8FC787C575}.Release|Any CPU.ActiveCfg = Release|Any CPU
		{980F99FB-0B5F-4C47-89B8-9F8FC787C575}.Release|Any CPU.Build.0 = Release|Any CPU
		{D95AC616-EE5D-42C5-B875-32BB41547432}.Debug|Any CPU.ActiveCfg = Debug|Any CPU
		{D95AC616-EE5D-42C5-B875-32BB41547432}.Debug|Any CPU.Build.0 = Debug|Any CPU
		{D95AC616-EE5D-42C5-B875-32BB41547432}.Release|Any CPU.ActiveCfg = Release|Any CPU
		{D95AC616-EE5D-42C5-B875-32BB41547432}.Release|Any CPU.Build.0 = Release|Any CPU
	EndGlobalSection
	GlobalSection(SolutionProperties) = preSolution
		HideSolutionNode = FALSE
	EndGlobalSection
	GlobalSection(ExtensibilityGlobals) = postSolution
		SolutionGuid = {C54039EB-C31F-47D6-A37B-959B6CAC3CBC}
	EndGlobalSection
EndGlobal
