
Microsoft Visual Studio Solution File, Format Version 12.00
# Visual Studio 15
VisualStudioVersion = 15.0.26430.6
MinimumVisualStudioVersion = 10.0.40219.1
Project("{FAE04EC0-301F-11D3-BF4B-00C04F79EFBC}") = "01.ChooseDrink", "01.ChooseDrink\01.ChooseDrink.csproj", "{7C372803-C553-4B81-82FD-4E714C4B834D}"
EndProject
Project("{FAE04EC0-301F-11D3-BF4B-00C04F79EFBC}") = "02.ChooseDrink_2", "02.ChooseDrink_2\02.ChooseDrink_2.csproj", "{A104B96D-A4C3-4FAD-A7B3-EA6624229D31}"
EndProject
Project("{FAE04EC0-301F-11D3-BF4B-00C04F79EFBC}") = "03.RestaurantDiscount", "03.RestaurantDiscount\03.RestaurantDiscount.csproj", "{973D1BB9-9C6E-49D5-85A6-B3ECF6B299AF}"
EndProject
Project("{FAE04EC0-301F-11D3-BF4B-00C04F79EFBC}") = "04.Hotel", "04.Hotel\04.Hotel.csproj", "{0DF564B9-5BDB-4F09-B0FA-796AFA536F15}"
EndProject
Project("{FAE04EC0-301F-11D3-BF4B-00C04F79EFBC}") = "05.WordInPlural", "05.WordInPlural\05.WordInPlural.csproj", "{6E5F9E7A-9E67-4DEB-9A6B-1FB905DC5C0C}"
EndProject
Project("{FAE04EC0-301F-11D3-BF4B-00C04F79EFBC}") = "06.Interval of Numbers", "06.Interval of Numbers\06.Interval of Numbers.csproj", "{9EBD3B0D-24E6-419C-B744-338EC8558B42}"
EndProject
Project("{FAE04EC0-301F-11D3-BF4B-00C04F79EFBC}") = "07.CakeIngridients", "07.CakeIngridients\07.CakeIngridients.csproj", "{09FED45B-31B4-4DB0-B6F1-75E730602AC6}"
EndProject
Project("{FAE04EC0-301F-11D3-BF4B-00C04F79EFBC}") = "08.CaloriesCounter", "08.CaloriesCounter\08.CaloriesCounter.csproj", "{8DC04F30-39B0-436A-B831-9B1E3C4EC5A3}"
EndProject
Project("{FAE04EC0-301F-11D3-BF4B-00C04F79EFBC}") = "09.CountIntegers", "09.CountIntegers\09.CountIntegers.csproj", "{198DCAA7-C3EE-454C-A034-A3229E1E1BBF}"
EndProject
Project("{FAE04EC0-301F-11D3-BF4B-00C04F79EFBC}") = "10.TriangleOfNumbers", "10.TriangleOfNumbers\10.TriangleOfNumbers.csproj", "{CDFF30EB-3659-4CDD-9130-B314A2BF8B5F}"
EndProject
Project("{FAE04EC0-301F-11D3-BF4B-00C04F79EFBC}") = "12.TestNumbers", "12.TestNumbers\12.TestNumbers.csproj", "{553BD14B-9B99-4B31-9122-07290C0B141A}"
EndProject
Project("{FAE04EC0-301F-11D3-BF4B-00C04F79EFBC}") = "14.MagicLetter", "14.MagicLetter\14.MagicLetter.csproj", "{47EFE75E-1B2E-4381-B2DD-21C336898B85}"
EndProject
Project("{FAE04EC0-301F-11D3-BF4B-00C04F79EFBC}") = "13.GameOfNumbers", "13.GameOfNumbers\13.GameOfNumbers.csproj", "{5D05AE1A-BA7C-4626-9734-CED1FFCB92D9}"
EndProject
Global
	GlobalSection(SolutionConfigurationPlatforms) = preSolution
		Debug|Any CPU = Debug|Any CPU
		Release|Any CPU = Release|Any CPU
	EndGlobalSection
	GlobalSection(ProjectConfigurationPlatforms) = postSolution
		{7C372803-C553-4B81-82FD-4E714C4B834D}.Debug|Any CPU.ActiveCfg = Debug|Any CPU
		{7C372803-C553-4B81-82FD-4E714C4B834D}.Debug|Any CPU.Build.0 = Debug|Any CPU
		{7C372803-C553-4B81-82FD-4E714C4B834D}.Release|Any CPU.ActiveCfg = Release|Any CPU
		{7C372803-C553-4B81-82FD-4E714C4B834D}.Release|Any CPU.Build.0 = Release|Any CPU
		{A104B96D-A4C3-4FAD-A7B3-EA6624229D31}.Debug|Any CPU.ActiveCfg = Debug|Any CPU
		{A104B96D-A4C3-4FAD-A7B3-EA6624229D31}.Debug|Any CPU.Build.0 = Debug|Any CPU
		{A104B96D-A4C3-4FAD-A7B3-EA6624229D31}.Release|Any CPU.ActiveCfg = Release|Any CPU
		{A104B96D-A4C3-4FAD-A7B3-EA6624229D31}.Release|Any CPU.Build.0 = Release|Any CPU
		{973D1BB9-9C6E-49D5-85A6-B3ECF6B299AF}.Debug|Any CPU.ActiveCfg = Debug|Any CPU
		{973D1BB9-9C6E-49D5-85A6-B3ECF6B299AF}.Debug|Any CPU.Build.0 = Debug|Any CPU
		{973D1BB9-9C6E-49D5-85A6-B3ECF6B299AF}.Release|Any CPU.ActiveCfg = Release|Any CPU
		{973D1BB9-9C6E-49D5-85A6-B3ECF6B299AF}.Release|Any CPU.Build.0 = Release|Any CPU
		{0DF564B9-5BDB-4F09-B0FA-796AFA536F15}.Debug|Any CPU.ActiveCfg = Debug|Any CPU
		{0DF564B9-5BDB-4F09-B0FA-796AFA536F15}.Debug|Any CPU.Build.0 = Debug|Any CPU
		{0DF564B9-5BDB-4F09-B0FA-796AFA536F15}.Release|Any CPU.ActiveCfg = Release|Any CPU
		{0DF564B9-5BDB-4F09-B0FA-796AFA536F15}.Release|Any CPU.Build.0 = Release|Any CPU
		{6E5F9E7A-9E67-4DEB-9A6B-1FB905DC5C0C}.Debug|Any CPU.ActiveCfg = Debug|Any CPU
		{6E5F9E7A-9E67-4DEB-9A6B-1FB905DC5C0C}.Debug|Any CPU.Build.0 = Debug|Any CPU
		{6E5F9E7A-9E67-4DEB-9A6B-1FB905DC5C0C}.Release|Any CPU.ActiveCfg = Release|Any CPU
		{6E5F9E7A-9E67-4DEB-9A6B-1FB905DC5C0C}.Release|Any CPU.Build.0 = Release|Any CPU
		{9EBD3B0D-24E6-419C-B744-338EC8558B42}.Debug|Any CPU.ActiveCfg = Debug|Any CPU
		{9EBD3B0D-24E6-419C-B744-338EC8558B42}.Debug|Any CPU.Build.0 = Debug|Any CPU
		{9EBD3B0D-24E6-419C-B744-338EC8558B42}.Release|Any CPU.ActiveCfg = Release|Any CPU
		{9EBD3B0D-24E6-419C-B744-338EC8558B42}.Release|Any CPU.Build.0 = Release|Any CPU
		{09FED45B-31B4-4DB0-B6F1-75E730602AC6}.Debug|Any CPU.ActiveCfg = Debug|Any CPU
		{09FED45B-31B4-4DB0-B6F1-75E730602AC6}.Debug|Any CPU.Build.0 = Debug|Any CPU
		{09FED45B-31B4-4DB0-B6F1-75E730602AC6}.Release|Any CPU.ActiveCfg = Release|Any CPU
		{09FED45B-31B4-4DB0-B6F1-75E730602AC6}.Release|Any CPU.Build.0 = Release|Any CPU
		{8DC04F30-39B0-436A-B831-9B1E3C4EC5A3}.Debug|Any CPU.ActiveCfg = Debug|Any CPU
		{8DC04F30-39B0-436A-B831-9B1E3C4EC5A3}.Debug|Any CPU.Build.0 = Debug|Any CPU
		{8DC04F30-39B0-436A-B831-9B1E3C4EC5A3}.Release|Any CPU.ActiveCfg = Release|Any CPU
		{8DC04F30-39B0-436A-B831-9B1E3C4EC5A3}.Release|Any CPU.Build.0 = Release|Any CPU
		{198DCAA7-C3EE-454C-A034-A3229E1E1BBF}.Debug|Any CPU.ActiveCfg = Debug|Any CPU
		{198DCAA7-C3EE-454C-A034-A3229E1E1BBF}.Debug|Any CPU.Build.0 = Debug|Any CPU
		{198DCAA7-C3EE-454C-A034-A3229E1E1BBF}.Release|Any CPU.ActiveCfg = Release|Any CPU
		{198DCAA7-C3EE-454C-A034-A3229E1E1BBF}.Release|Any CPU.Build.0 = Release|Any CPU
		{CDFF30EB-3659-4CDD-9130-B314A2BF8B5F}.Debug|Any CPU.ActiveCfg = Debug|Any CPU
		{CDFF30EB-3659-4CDD-9130-B314A2BF8B5F}.Debug|Any CPU.Build.0 = Debug|Any CPU
		{CDFF30EB-3659-4CDD-9130-B314A2BF8B5F}.Release|Any CPU.ActiveCfg = Release|Any CPU
		{CDFF30EB-3659-4CDD-9130-B314A2BF8B5F}.Release|Any CPU.Build.0 = Release|Any CPU
		{553BD14B-9B99-4B31-9122-07290C0B141A}.Debug|Any CPU.ActiveCfg = Debug|Any CPU
		{553BD14B-9B99-4B31-9122-07290C0B141A}.Debug|Any CPU.Build.0 = Debug|Any CPU
		{553BD14B-9B99-4B31-9122-07290C0B141A}.Release|Any CPU.ActiveCfg = Release|Any CPU
		{553BD14B-9B99-4B31-9122-07290C0B141A}.Release|Any CPU.Build.0 = Release|Any CPU
		{47EFE75E-1B2E-4381-B2DD-21C336898B85}.Debug|Any CPU.ActiveCfg = Debug|Any CPU
		{47EFE75E-1B2E-4381-B2DD-21C336898B85}.Debug|Any CPU.Build.0 = Debug|Any CPU
		{47EFE75E-1B2E-4381-B2DD-21C336898B85}.Release|Any CPU.ActiveCfg = Release|Any CPU
		{47EFE75E-1B2E-4381-B2DD-21C336898B85}.Release|Any CPU.Build.0 = Release|Any CPU
		{5D05AE1A-BA7C-4626-9734-CED1FFCB92D9}.Debug|Any CPU.ActiveCfg = Debug|Any CPU
		{5D05AE1A-BA7C-4626-9734-CED1FFCB92D9}.Debug|Any CPU.Build.0 = Debug|Any CPU
		{5D05AE1A-BA7C-4626-9734-CED1FFCB92D9}.Release|Any CPU.ActiveCfg = Release|Any CPU
		{5D05AE1A-BA7C-4626-9734-CED1FFCB92D9}.Release|Any CPU.Build.0 = Release|Any CPU
	EndGlobalSection
	GlobalSection(SolutionProperties) = preSolution
		HideSolutionNode = FALSE
	EndGlobalSection
EndGlobal
