
Microsoft Visual Studio Solution File, Format Version 12.00
# Visual Studio 15
VisualStudioVersion = 15.0.26430.12
MinimumVisualStudioVersion = 10.0.40219.1
Project("{FAE04EC0-301F-11D3-BF4B-00C04F79EFBC}") = "01. Day Of Week", "01. Day Of Week\01. Day Of Week.csproj", "{8720EA48-147A-410B-9B78-92B58F4FACA3}"
EndProject
Project("{FAE04EC0-301F-11D3-BF4B-00C04F79EFBC}") = "02. Reverse an Array of Integers", "02. Reverse an Array of Integers\02. Reverse an Array of Integers.csproj", "{8AF0E4DA-3CC4-449D-8B1C-B99C5DDD850D}"
EndProject
Project("{FAE04EC0-301F-11D3-BF4B-00C04F79EFBC}") = "03. Last K Numbers Sums Sequence", "03. Last K Numbers Sums Sequence\03. Last K Numbers Sums Sequence.csproj", "{5DA358AB-FF8C-469A-BC31-3EC066A3549A}"
EndProject
Global
	GlobalSection(SolutionConfigurationPlatforms) = preSolution
		Debug|Any CPU = Debug|Any CPU
		Release|Any CPU = Release|Any CPU
	EndGlobalSection
	GlobalSection(ProjectConfigurationPlatforms) = postSolution
		{8720EA48-147A-410B-9B78-92B58F4FACA3}.Debug|Any CPU.ActiveCfg = Debug|Any CPU
		{8720EA48-147A-410B-9B78-92B58F4FACA3}.Debug|Any CPU.Build.0 = Debug|Any CPU
		{8720EA48-147A-410B-9B78-92B58F4FACA3}.Release|Any CPU.ActiveCfg = Release|Any CPU
		{8720EA48-147A-410B-9B78-92B58F4FACA3}.Release|Any CPU.Build.0 = Release|Any CPU
		{8AF0E4DA-3CC4-449D-8B1C-B99C5DDD850D}.Debug|Any CPU.ActiveCfg = Debug|Any CPU
		{8AF0E4DA-3CC4-449D-8B1C-B99C5DDD850D}.Debug|Any CPU.Build.0 = Debug|Any CPU
		{8AF0E4DA-3CC4-449D-8B1C-B99C5DDD850D}.Release|Any CPU.ActiveCfg = Release|Any CPU
		{8AF0E4DA-3CC4-449D-8B1C-B99C5DDD850D}.Release|Any CPU.Build.0 = Release|Any CPU
		{5DA358AB-FF8C-469A-BC31-3EC066A3549A}.Debug|Any CPU.ActiveCfg = Debug|Any CPU
		{5DA358AB-FF8C-469A-BC31-3EC066A3549A}.Debug|Any CPU.Build.0 = Debug|Any CPU
		{5DA358AB-FF8C-469A-BC31-3EC066A3549A}.Release|Any CPU.ActiveCfg = Release|Any CPU
		{5DA358AB-FF8C-469A-BC31-3EC066A3549A}.Release|Any CPU.Build.0 = Release|Any CPU
	EndGlobalSection
	GlobalSection(SolutionProperties) = preSolution
		HideSolutionNode = FALSE
	EndGlobalSection
EndGlobal
