
Microsoft Visual Studio Solution File, Format Version 12.00
# Visual Studio 15
VisualStudioVersion = 15.0.27703.2035
MinimumVisualStudioVersion = 10.0.40219.1
Project("{FAE04EC0-301F-11D3-BF4B-00C04F79EFBC}") = "02.FactoryPattern", "DesignPatterns\02.FactoryPattern.csproj", "{AAACEB5E-CFEF-4A93-9C24-77FEE2A5DB72}"
EndProject
Project("{FAE04EC0-301F-11D3-BF4B-00C04F79EFBC}") = "01.Singleton", "01. Singleton\01.Singleton.csproj", "{96EFEC8C-CD71-44BF-AC9E-4A6D0390EDDD}"
EndProject
Project("{FAE04EC0-301F-11D3-BF4B-00C04F79EFBC}") = "03.CommandPattern", "03.CommandPattern\03.CommandPattern.csproj", "{DFF488EE-61BD-4D16-AA74-37792F6DD996}"
EndProject
Project("{FAE04EC0-301F-11D3-BF4B-00C04F79EFBC}") = "04.RepositoryPattern", "04.RepositoryPattern\04.RepositoryPattern.csproj", "{FC39A0E4-B715-4B3A-AFB0-1426D2C75820}"
EndProject
Global
	GlobalSection(SolutionConfigurationPlatforms) = preSolution
		Debug|Any CPU = Debug|Any CPU
		Release|Any CPU = Release|Any CPU
	EndGlobalSection
	GlobalSection(ProjectConfigurationPlatforms) = postSolution
		{AAACEB5E-CFEF-4A93-9C24-77FEE2A5DB72}.Debug|Any CPU.ActiveCfg = Debug|Any CPU
		{AAACEB5E-CFEF-4A93-9C24-77FEE2A5DB72}.Debug|Any CPU.Build.0 = Debug|Any CPU
		{AAACEB5E-CFEF-4A93-9C24-77FEE2A5DB72}.Release|Any CPU.ActiveCfg = Release|Any CPU
		{AAACEB5E-CFEF-4A93-9C24-77FEE2A5DB72}.Release|Any CPU.Build.0 = Release|Any CPU
		{96EFEC8C-CD71-44BF-AC9E-4A6D0390EDDD}.Debug|Any CPU.ActiveCfg = Debug|Any CPU
		{96EFEC8C-CD71-44BF-AC9E-4A6D0390EDDD}.Debug|Any CPU.Build.0 = Debug|Any CPU
		{96EFEC8C-CD71-44BF-AC9E-4A6D0390EDDD}.Release|Any CPU.ActiveCfg = Release|Any CPU
		{96EFEC8C-CD71-44BF-AC9E-4A6D0390EDDD}.Release|Any CPU.Build.0 = Release|Any CPU
		{DFF488EE-61BD-4D16-AA74-37792F6DD996}.Debug|Any CPU.ActiveCfg = Debug|Any CPU
		{DFF488EE-61BD-4D16-AA74-37792F6DD996}.Debug|Any CPU.Build.0 = Debug|Any CPU
		{DFF488EE-61BD-4D16-AA74-37792F6DD996}.Release|Any CPU.ActiveCfg = Release|Any CPU
		{DFF488EE-61BD-4D16-AA74-37792F6DD996}.Release|Any CPU.Build.0 = Release|Any CPU
		{FC39A0E4-B715-4B3A-AFB0-1426D2C75820}.Debug|Any CPU.ActiveCfg = Debug|Any CPU
		{FC39A0E4-B715-4B3A-AFB0-1426D2C75820}.Debug|Any CPU.Build.0 = Debug|Any CPU
		{FC39A0E4-B715-4B3A-AFB0-1426D2C75820}.Release|Any CPU.ActiveCfg = Release|Any CPU
		{FC39A0E4-B715-4B3A-AFB0-1426D2C75820}.Release|Any CPU.Build.0 = Release|Any CPU
	EndGlobalSection
	GlobalSection(SolutionProperties) = preSolution
		HideSolutionNode = FALSE
	EndGlobalSection
	GlobalSection(ExtensibilityGlobals) = postSolution
		SolutionGuid = {F8CC9809-C545-4968-84DE-61946806F25C}
	EndGlobalSection
EndGlobal
