
Microsoft Visual Studio Solution File, Format Version 12.00
# Visual Studio Version 16
VisualStudioVersion = 16.0.28917.182
MinimumVisualStudioVersion = 10.0.40219.1
Project("{2150E333-8FDC-42A3-9474-1A3956D46DE8}") = "Creational", "Creational", "{7ED917BC-8B2D-4A9E-9302-31699C308296}"
EndProject
Project("{2150E333-8FDC-42A3-9474-1A3956D46DE8}") = "Behavioral", "Behavioral", "{86CDDD3E-FB95-4CDD-B630-AFE9A3FF1782}"
EndProject
Project("{2150E333-8FDC-42A3-9474-1A3956D46DE8}") = "Structural", "Structural", "{86054D98-93E2-44C1-A5BC-F88AA91F1D50}"
EndProject
Project("{9A19103F-16F7-4668-BE54-9A1E7A4F7556}") = "02. StatePattern", "Behavioral\02.StatePattern\02. StatePattern.csproj", "{7C85C43D-5989-4120-93EA-0AC6D4AC3535}"
EndProject
Project("{9A19103F-16F7-4668-BE54-9A1E7A4F7556}") = "01. CommandPattern", "Behavioral\03.CommandPattern\01. CommandPattern.csproj", "{38A75312-81C0-4A09-8C8A-AB05563ED63C}"
EndProject
Project("{9A19103F-16F7-4668-BE54-9A1E7A4F7556}") = "01. Singleton", "Creational\01.Singleton\01. Singleton.csproj", "{F3B13047-7007-469F-9FE2-7976EA373C3A}"
EndProject
Project("{9A19103F-16F7-4668-BE54-9A1E7A4F7556}") = "02. FactoryPattern", "Creational\02.FactoryPattern\02. FactoryPattern.csproj", "{C4CC1503-AA1F-4357-8019-D0A9CD763BDA}"
EndProject
Global
	GlobalSection(SolutionConfigurationPlatforms) = preSolution
		Debug|Any CPU = Debug|Any CPU
		Release|Any CPU = Release|Any CPU
	EndGlobalSection
	GlobalSection(ProjectConfigurationPlatforms) = postSolution
		{7C85C43D-5989-4120-93EA-0AC6D4AC3535}.Debug|Any CPU.ActiveCfg = Debug|Any CPU
		{7C85C43D-5989-4120-93EA-0AC6D4AC3535}.Debug|Any CPU.Build.0 = Debug|Any CPU
		{7C85C43D-5989-4120-93EA-0AC6D4AC3535}.Release|Any CPU.ActiveCfg = Release|Any CPU
		{7C85C43D-5989-4120-93EA-0AC6D4AC3535}.Release|Any CPU.Build.0 = Release|Any CPU
		{38A75312-81C0-4A09-8C8A-AB05563ED63C}.Debug|Any CPU.ActiveCfg = Debug|Any CPU
		{38A75312-81C0-4A09-8C8A-AB05563ED63C}.Debug|Any CPU.Build.0 = Debug|Any CPU
		{38A75312-81C0-4A09-8C8A-AB05563ED63C}.Release|Any CPU.ActiveCfg = Release|Any CPU
		{38A75312-81C0-4A09-8C8A-AB05563ED63C}.Release|Any CPU.Build.0 = Release|Any CPU
		{F3B13047-7007-469F-9FE2-7976EA373C3A}.Debug|Any CPU.ActiveCfg = Debug|Any CPU
		{F3B13047-7007-469F-9FE2-7976EA373C3A}.Debug|Any CPU.Build.0 = Debug|Any CPU
		{F3B13047-7007-469F-9FE2-7976EA373C3A}.Release|Any CPU.ActiveCfg = Release|Any CPU
		{F3B13047-7007-469F-9FE2-7976EA373C3A}.Release|Any CPU.Build.0 = Release|Any CPU
		{C4CC1503-AA1F-4357-8019-D0A9CD763BDA}.Debug|Any CPU.ActiveCfg = Debug|Any CPU
		{C4CC1503-AA1F-4357-8019-D0A9CD763BDA}.Debug|Any CPU.Build.0 = Debug|Any CPU
		{C4CC1503-AA1F-4357-8019-D0A9CD763BDA}.Release|Any CPU.ActiveCfg = Release|Any CPU
		{C4CC1503-AA1F-4357-8019-D0A9CD763BDA}.Release|Any CPU.Build.0 = Release|Any CPU
	EndGlobalSection
	GlobalSection(SolutionProperties) = preSolution
		HideSolutionNode = FALSE
	EndGlobalSection
	GlobalSection(NestedProjects) = preSolution
		{7C85C43D-5989-4120-93EA-0AC6D4AC3535} = {86CDDD3E-FB95-4CDD-B630-AFE9A3FF1782}
		{38A75312-81C0-4A09-8C8A-AB05563ED63C} = {86CDDD3E-FB95-4CDD-B630-AFE9A3FF1782}
		{F3B13047-7007-469F-9FE2-7976EA373C3A} = {7ED917BC-8B2D-4A9E-9302-31699C308296}
		{C4CC1503-AA1F-4357-8019-D0A9CD763BDA} = {7ED917BC-8B2D-4A9E-9302-31699C308296}
	EndGlobalSection
	GlobalSection(ExtensibilityGlobals) = postSolution
		SolutionGuid = {F8CC9809-C545-4968-84DE-61946806F25C}
	EndGlobalSection
EndGlobal
