
Microsoft Visual Studio Solution File, Format Version 12.00
# Visual Studio 14
VisualStudioVersion = 14.0.25420.1
MinimumVisualStudioVersion = 10.0.40219.1
Project("{FAE04EC0-301F-11D3-BF4B-00C04F79EFBC}") = "01. Distance", "01. Distance\01. Distance.csproj", "{F39F7C76-4515-4097-8DEA-60626C675FC6}"
EndProject
Project("{FAE04EC0-301F-11D3-BF4B-00C04F79EFBC}") = "02. Change Tiles", "02. Change Tiles\02. Change Tiles.csproj", "{6330203E-8A6E-4E54-AFAA-E7B6D761C195}"
EndProject
Project("{FAE04EC0-301F-11D3-BF4B-00C04F79EFBC}") = "03. Flowers", "03. Flowers\03. Flowers.csproj", "{0B3AB3FF-538B-4459-8835-89D998414816}"
EndProject
Project("{FAE04EC0-301F-11D3-BF4B-00C04F79EFBC}") = "04. Grades", "04. Grades\04. Grades.csproj", "{49F7E991-FFF6-4BB9-A452-CE9FB44371D4}"
EndProject
Project("{FAE04EC0-301F-11D3-BF4B-00C04F79EFBC}") = "06. Letters Combinations", "06. Letters Combinations\06. Letters Combinations.csproj", "{93863767-7B09-4700-BC6E-D940877C01DB}"
EndProject
Project("{FAE04EC0-301F-11D3-BF4B-00C04F79EFBC}") = "01. Distance Explained", "01. Distance Explained\01. Distance Explained.csproj", "{CBA86B35-3646-48D4-AEB9-E5F6F3FEB85C}"
EndProject
Project("{FAE04EC0-301F-11D3-BF4B-00C04F79EFBC}") = "05.Christmas hat explained", "05.Christmas hat explained\05.Christmas hat explained.csproj", "{77D548AD-B1A4-4552-A669-3EC2D673F026}"
EndProject
Global
	GlobalSection(SolutionConfigurationPlatforms) = preSolution
		Debug|Any CPU = Debug|Any CPU
		Release|Any CPU = Release|Any CPU
	EndGlobalSection
	GlobalSection(ProjectConfigurationPlatforms) = postSolution
		{F39F7C76-4515-4097-8DEA-60626C675FC6}.Debug|Any CPU.ActiveCfg = Debug|Any CPU
		{F39F7C76-4515-4097-8DEA-60626C675FC6}.Debug|Any CPU.Build.0 = Debug|Any CPU
		{F39F7C76-4515-4097-8DEA-60626C675FC6}.Release|Any CPU.ActiveCfg = Release|Any CPU
		{F39F7C76-4515-4097-8DEA-60626C675FC6}.Release|Any CPU.Build.0 = Release|Any CPU
		{6330203E-8A6E-4E54-AFAA-E7B6D761C195}.Debug|Any CPU.ActiveCfg = Debug|Any CPU
		{6330203E-8A6E-4E54-AFAA-E7B6D761C195}.Debug|Any CPU.Build.0 = Debug|Any CPU
		{6330203E-8A6E-4E54-AFAA-E7B6D761C195}.Release|Any CPU.ActiveCfg = Release|Any CPU
		{6330203E-8A6E-4E54-AFAA-E7B6D761C195}.Release|Any CPU.Build.0 = Release|Any CPU
		{0B3AB3FF-538B-4459-8835-89D998414816}.Debug|Any CPU.ActiveCfg = Debug|Any CPU
		{0B3AB3FF-538B-4459-8835-89D998414816}.Debug|Any CPU.Build.0 = Debug|Any CPU
		{0B3AB3FF-538B-4459-8835-89D998414816}.Release|Any CPU.ActiveCfg = Release|Any CPU
		{0B3AB3FF-538B-4459-8835-89D998414816}.Release|Any CPU.Build.0 = Release|Any CPU
		{49F7E991-FFF6-4BB9-A452-CE9FB44371D4}.Debug|Any CPU.ActiveCfg = Debug|Any CPU
		{49F7E991-FFF6-4BB9-A452-CE9FB44371D4}.Debug|Any CPU.Build.0 = Debug|Any CPU
		{49F7E991-FFF6-4BB9-A452-CE9FB44371D4}.Release|Any CPU.ActiveCfg = Release|Any CPU
		{49F7E991-FFF6-4BB9-A452-CE9FB44371D4}.Release|Any CPU.Build.0 = Release|Any CPU
		{93863767-7B09-4700-BC6E-D940877C01DB}.Debug|Any CPU.ActiveCfg = Debug|Any CPU
		{93863767-7B09-4700-BC6E-D940877C01DB}.Debug|Any CPU.Build.0 = Debug|Any CPU
		{93863767-7B09-4700-BC6E-D940877C01DB}.Release|Any CPU.ActiveCfg = Release|Any CPU
		{93863767-7B09-4700-BC6E-D940877C01DB}.Release|Any CPU.Build.0 = Release|Any CPU
		{CBA86B35-3646-48D4-AEB9-E5F6F3FEB85C}.Debug|Any CPU.ActiveCfg = Debug|Any CPU
		{CBA86B35-3646-48D4-AEB9-E5F6F3FEB85C}.Debug|Any CPU.Build.0 = Debug|Any CPU
		{CBA86B35-3646-48D4-AEB9-E5F6F3FEB85C}.Release|Any CPU.ActiveCfg = Release|Any CPU
		{CBA86B35-3646-48D4-AEB9-E5F6F3FEB85C}.Release|Any CPU.Build.0 = Release|Any CPU
		{77D548AD-B1A4-4552-A669-3EC2D673F026}.Debug|Any CPU.ActiveCfg = Debug|Any CPU
		{77D548AD-B1A4-4552-A669-3EC2D673F026}.Debug|Any CPU.Build.0 = Debug|Any CPU
		{77D548AD-B1A4-4552-A669-3EC2D673F026}.Release|Any CPU.ActiveCfg = Release|Any CPU
		{77D548AD-B1A4-4552-A669-3EC2D673F026}.Release|Any CPU.Build.0 = Release|Any CPU
	EndGlobalSection
	GlobalSection(SolutionProperties) = preSolution
		HideSolutionNode = FALSE
	EndGlobalSection
EndGlobal
