
Microsoft Visual Studio Solution File, Format Version 12.00
# Visual Studio 14
VisualStudioVersion = 14.0.25420.1
MinimumVisualStudioVersion = 10.0.40219.1
Project("{FAE04EC0-301F-11D3-BF4B-00C04F79EFBC}") = "01. House Price", "01. House Price\01. House Price.csproj", "{58692FE7-8E5F-461D-A123-907487F3673C}"
EndProject
Project("{FAE04EC0-301F-11D3-BF4B-00C04F79EFBC}") = "02. Flower Shop", "02. Flower Shop\02. Flower Shop.csproj", "{741FA29A-E86E-4E99-B016-67F728FFC8BA}"
EndProject
Project("{FAE04EC0-301F-11D3-BF4B-00C04F79EFBC}") = "03. Bike Race", "03. Bike Race\03. Bike Race.csproj", "{951A03F2-025C-4A88-8E96-3756CBD6062C}"
EndProject
Project("{FAE04EC0-301F-11D3-BF4B-00C04F79EFBC}") = "04. Logistics", "04. Logistics\04. Logistics.csproj", "{4E9EE250-2AFC-496A-9BFA-FE9B11ABC22C}"
EndProject
Project("{FAE04EC0-301F-11D3-BF4B-00C04F79EFBC}") = "05. Rocket", "05. Rocket\05. Rocket.csproj", "{CF53BC17-9F75-4D2F-B959-BC517CA8733D}"
EndProject
Project("{FAE04EC0-301F-11D3-BF4B-00C04F79EFBC}") = "06. Max Combination", "06. Max Combination\06. Max Combination.csproj", "{555A0119-C06E-4820-B036-22E4D2ACDF17}"
EndProject
Global
	GlobalSection(SolutionConfigurationPlatforms) = preSolution
		Debug|Any CPU = Debug|Any CPU
		Release|Any CPU = Release|Any CPU
	EndGlobalSection
	GlobalSection(ProjectConfigurationPlatforms) = postSolution
		{58692FE7-8E5F-461D-A123-907487F3673C}.Debug|Any CPU.ActiveCfg = Debug|Any CPU
		{58692FE7-8E5F-461D-A123-907487F3673C}.Debug|Any CPU.Build.0 = Debug|Any CPU
		{58692FE7-8E5F-461D-A123-907487F3673C}.Release|Any CPU.ActiveCfg = Release|Any CPU
		{58692FE7-8E5F-461D-A123-907487F3673C}.Release|Any CPU.Build.0 = Release|Any CPU
		{741FA29A-E86E-4E99-B016-67F728FFC8BA}.Debug|Any CPU.ActiveCfg = Debug|Any CPU
		{741FA29A-E86E-4E99-B016-67F728FFC8BA}.Debug|Any CPU.Build.0 = Debug|Any CPU
		{741FA29A-E86E-4E99-B016-67F728FFC8BA}.Release|Any CPU.ActiveCfg = Release|Any CPU
		{741FA29A-E86E-4E99-B016-67F728FFC8BA}.Release|Any CPU.Build.0 = Release|Any CPU
		{951A03F2-025C-4A88-8E96-3756CBD6062C}.Debug|Any CPU.ActiveCfg = Debug|Any CPU
		{951A03F2-025C-4A88-8E96-3756CBD6062C}.Debug|Any CPU.Build.0 = Debug|Any CPU
		{951A03F2-025C-4A88-8E96-3756CBD6062C}.Release|Any CPU.ActiveCfg = Release|Any CPU
		{951A03F2-025C-4A88-8E96-3756CBD6062C}.Release|Any CPU.Build.0 = Release|Any CPU
		{4E9EE250-2AFC-496A-9BFA-FE9B11ABC22C}.Debug|Any CPU.ActiveCfg = Debug|Any CPU
		{4E9EE250-2AFC-496A-9BFA-FE9B11ABC22C}.Debug|Any CPU.Build.0 = Debug|Any CPU
		{4E9EE250-2AFC-496A-9BFA-FE9B11ABC22C}.Release|Any CPU.ActiveCfg = Release|Any CPU
		{4E9EE250-2AFC-496A-9BFA-FE9B11ABC22C}.Release|Any CPU.Build.0 = Release|Any CPU
		{CF53BC17-9F75-4D2F-B959-BC517CA8733D}.Debug|Any CPU.ActiveCfg = Debug|Any CPU
		{CF53BC17-9F75-4D2F-B959-BC517CA8733D}.Debug|Any CPU.Build.0 = Debug|Any CPU
		{CF53BC17-9F75-4D2F-B959-BC517CA8733D}.Release|Any CPU.ActiveCfg = Release|Any CPU
		{CF53BC17-9F75-4D2F-B959-BC517CA8733D}.Release|Any CPU.Build.0 = Release|Any CPU
		{555A0119-C06E-4820-B036-22E4D2ACDF17}.Debug|Any CPU.ActiveCfg = Debug|Any CPU
		{555A0119-C06E-4820-B036-22E4D2ACDF17}.Debug|Any CPU.Build.0 = Debug|Any CPU
		{555A0119-C06E-4820-B036-22E4D2ACDF17}.Release|Any CPU.ActiveCfg = Release|Any CPU
		{555A0119-C06E-4820-B036-22E4D2ACDF17}.Release|Any CPU.Build.0 = Release|Any CPU
	EndGlobalSection
	GlobalSection(SolutionProperties) = preSolution
		HideSolutionNode = FALSE
	EndGlobalSection
EndGlobal
