
Microsoft Visual Studio Solution File, Format Version 12.00
# Visual Studio 15
VisualStudioVersion = 15.0.26430.12
MinimumVisualStudioVersion = 10.0.40219.1
Project("{FAE04EC0-301F-11D3-BF4B-00C04F79EFBC}") = "01", "READYTOCODE2\01.csproj", "{9F7AE814-D571-4570-BD9D-CDFD21706A4B}"
EndProject
Project("{FAE04EC0-301F-11D3-BF4B-00C04F79EFBC}") = "02", "02\02.csproj", "{2B01DBE9-F69E-4B4D-A3F2-3099D5413288}"
EndProject
Project("{FAE04EC0-301F-11D3-BF4B-00C04F79EFBC}") = "03 - Lexigraphy", "03\03 - Lexigraphy.csproj", "{DFB2C1AA-557E-485E-A11D-A8C8165C9B08}"
EndProject
Project("{FAE04EC0-301F-11D3-BF4B-00C04F79EFBC}") = "04. SameElements", "04. SameElements\04. SameElements.csproj", "{FC52F52E-4AFF-4AB8-931F-0B54192C098F}"
EndProject
Global
	GlobalSection(SolutionConfigurationPlatforms) = preSolution
		Debug|Any CPU = Debug|Any CPU
		Release|Any CPU = Release|Any CPU
	EndGlobalSection
	GlobalSection(ProjectConfigurationPlatforms) = postSolution
		{9F7AE814-D571-4570-BD9D-CDFD21706A4B}.Debug|Any CPU.ActiveCfg = Debug|Any CPU
		{9F7AE814-D571-4570-BD9D-CDFD21706A4B}.Debug|Any CPU.Build.0 = Debug|Any CPU
		{9F7AE814-D571-4570-BD9D-CDFD21706A4B}.Release|Any CPU.ActiveCfg = Release|Any CPU
		{9F7AE814-D571-4570-BD9D-CDFD21706A4B}.Release|Any CPU.Build.0 = Release|Any CPU
		{2B01DBE9-F69E-4B4D-A3F2-3099D5413288}.Debug|Any CPU.ActiveCfg = Debug|Any CPU
		{2B01DBE9-F69E-4B4D-A3F2-3099D5413288}.Debug|Any CPU.Build.0 = Debug|Any CPU
		{2B01DBE9-F69E-4B4D-A3F2-3099D5413288}.Release|Any CPU.ActiveCfg = Release|Any CPU
		{2B01DBE9-F69E-4B4D-A3F2-3099D5413288}.Release|Any CPU.Build.0 = Release|Any CPU
		{DFB2C1AA-557E-485E-A11D-A8C8165C9B08}.Debug|Any CPU.ActiveCfg = Debug|Any CPU
		{DFB2C1AA-557E-485E-A11D-A8C8165C9B08}.Debug|Any CPU.Build.0 = Debug|Any CPU
		{DFB2C1AA-557E-485E-A11D-A8C8165C9B08}.Release|Any CPU.ActiveCfg = Release|Any CPU
		{DFB2C1AA-557E-485E-A11D-A8C8165C9B08}.Release|Any CPU.Build.0 = Release|Any CPU
		{FC52F52E-4AFF-4AB8-931F-0B54192C098F}.Debug|Any CPU.ActiveCfg = Debug|Any CPU
		{FC52F52E-4AFF-4AB8-931F-0B54192C098F}.Debug|Any CPU.Build.0 = Debug|Any CPU
		{FC52F52E-4AFF-4AB8-931F-0B54192C098F}.Release|Any CPU.ActiveCfg = Release|Any CPU
		{FC52F52E-4AFF-4AB8-931F-0B54192C098F}.Release|Any CPU.Build.0 = Release|Any CPU
	EndGlobalSection
	GlobalSection(SolutionProperties) = preSolution
		HideSolutionNode = FALSE
	EndGlobalSection
EndGlobal
