
Microsoft Visual Studio Solution File, Format Version 12.00
# Visual Studio 14
VisualStudioVersion = 14.0.25420.1
MinimumVisualStudioVersion = 10.0.40219.1
Project("{FAE04EC0-301F-11D3-BF4B-00C04F79EFBC}") = "02.InchesToCentimeters", "02.InchesToCentimeters\02.InchesToCentimeters.csproj", "{ED90BEB3-52BE-40DF-8106-A3B1710DA42C}"
EndProject
Project("{FAE04EC0-301F-11D3-BF4B-00C04F79EFBC}") = "03.Greeting", "03.Greeting\03.Greeting.csproj", "{CD5C0B55-0BD8-43FA-B295-09EC4210BE01}"
EndProject
Project("{FAE04EC0-301F-11D3-BF4B-00C04F79EFBC}") = "04.Concatenate Data", "04.Concatenate Data\04.Concatenate Data.csproj", "{4A5161B0-61A5-44B4-B6D4-55EC7747DB36}"
EndProject
Project("{FAE04EC0-301F-11D3-BF4B-00C04F79EFBC}") = "05. Trapezoid-Area", "05. Trapezoid-Area\05. Trapezoid-Area.csproj", "{57BBE4EF-A069-440D-8BAB-807265626CD4}"
EndProject
Project("{FAE04EC0-301F-11D3-BF4B-00C04F79EFBC}") = "06. Circle Area and Perimeter", "06. Circle Area and Perimeter\06. Circle Area and Perimeter.csproj", "{0AAA6CE2-87C1-4A71-B496-ACC0355482DA}"
EndProject
Project("{FAE04EC0-301F-11D3-BF4B-00C04F79EFBC}") = "07. 2D Rectangle Area", "07. 2D Rectangle Area\07. 2D Rectangle Area.csproj", "{DDA78D1A-E189-44DB-A4E6-545B251EE605}"
EndProject
Project("{FAE04EC0-301F-11D3-BF4B-00C04F79EFBC}") = "08. Triangle Area", "08. Triangle Area\08. Triangle Area.csproj", "{F881920A-5CB5-4CD9-85C6-F62ED9B00486}"
EndProject
Project("{FAE04EC0-301F-11D3-BF4B-00C04F79EFBC}") = "09. Celsius to Fahrenheit", "09. Celsius to Fahrenheit\09. Celsius to Fahrenheit.csproj", "{9E3CC086-D2F3-432E-A282-14C7492A2EC9}"
EndProject
Project("{FAE04EC0-301F-11D3-BF4B-00C04F79EFBC}") = "10. Radians to Degrees", "10. Radians to Degrees\10. Radians to Degrees.csproj", "{16C61937-A59C-4FF0-ADDE-39AD0EDA9A66}"
EndProject
Project("{FAE04EC0-301F-11D3-BF4B-00C04F79EFBC}") = "11. USD to BGN", "11. USD to BGN\11. USD to BGN.csproj", "{52F078FB-E028-46A6-8D0F-E5E0D38F29E9}"
EndProject
Project("{FAE04EC0-301F-11D3-BF4B-00C04F79EFBC}") = "12. Currency Converter", "12. Currency Converter\12. Currency Converter.csproj", "{8B7B4735-BEC3-40DF-AFEA-236F723D1C31}"
EndProject
Project("{FAE04EC0-301F-11D3-BF4B-00C04F79EFBC}") = "13. 1000 Days After Birth", "13. 1000 Days After Birth\13. 1000 Days After Birth.csproj", "{0B767D30-B0F9-4161-94A3-8EABA7811EDB}"
EndProject
Project("{FAE04EC0-301F-11D3-BF4B-00C04F79EFBC}") = "01.SquareArea", "01.SquareArea\01.SquareArea.csproj", "{096BC9EE-3EDA-43E3-8E89-098BB38DCA6B}"
EndProject
Global
	GlobalSection(SolutionConfigurationPlatforms) = preSolution
		Debug|Any CPU = Debug|Any CPU
		Release|Any CPU = Release|Any CPU
	EndGlobalSection
	GlobalSection(ProjectConfigurationPlatforms) = postSolution
		{ED90BEB3-52BE-40DF-8106-A3B1710DA42C}.Debug|Any CPU.ActiveCfg = Debug|Any CPU
		{ED90BEB3-52BE-40DF-8106-A3B1710DA42C}.Debug|Any CPU.Build.0 = Debug|Any CPU
		{ED90BEB3-52BE-40DF-8106-A3B1710DA42C}.Release|Any CPU.ActiveCfg = Release|Any CPU
		{ED90BEB3-52BE-40DF-8106-A3B1710DA42C}.Release|Any CPU.Build.0 = Release|Any CPU
		{CD5C0B55-0BD8-43FA-B295-09EC4210BE01}.Debug|Any CPU.ActiveCfg = Debug|Any CPU
		{CD5C0B55-0BD8-43FA-B295-09EC4210BE01}.Debug|Any CPU.Build.0 = Debug|Any CPU
		{CD5C0B55-0BD8-43FA-B295-09EC4210BE01}.Release|Any CPU.ActiveCfg = Release|Any CPU
		{CD5C0B55-0BD8-43FA-B295-09EC4210BE01}.Release|Any CPU.Build.0 = Release|Any CPU
		{4A5161B0-61A5-44B4-B6D4-55EC7747DB36}.Debug|Any CPU.ActiveCfg = Debug|Any CPU
		{4A5161B0-61A5-44B4-B6D4-55EC7747DB36}.Debug|Any CPU.Build.0 = Debug|Any CPU
		{4A5161B0-61A5-44B4-B6D4-55EC7747DB36}.Release|Any CPU.ActiveCfg = Release|Any CPU
		{4A5161B0-61A5-44B4-B6D4-55EC7747DB36}.Release|Any CPU.Build.0 = Release|Any CPU
		{57BBE4EF-A069-440D-8BAB-807265626CD4}.Debug|Any CPU.ActiveCfg = Debug|Any CPU
		{57BBE4EF-A069-440D-8BAB-807265626CD4}.Debug|Any CPU.Build.0 = Debug|Any CPU
		{57BBE4EF-A069-440D-8BAB-807265626CD4}.Release|Any CPU.ActiveCfg = Release|Any CPU
		{57BBE4EF-A069-440D-8BAB-807265626CD4}.Release|Any CPU.Build.0 = Release|Any CPU
		{0AAA6CE2-87C1-4A71-B496-ACC0355482DA}.Debug|Any CPU.ActiveCfg = Debug|Any CPU
		{0AAA6CE2-87C1-4A71-B496-ACC0355482DA}.Debug|Any CPU.Build.0 = Debug|Any CPU
		{0AAA6CE2-87C1-4A71-B496-ACC0355482DA}.Release|Any CPU.ActiveCfg = Release|Any CPU
		{0AAA6CE2-87C1-4A71-B496-ACC0355482DA}.Release|Any CPU.Build.0 = Release|Any CPU
		{DDA78D1A-E189-44DB-A4E6-545B251EE605}.Debug|Any CPU.ActiveCfg = Debug|Any CPU
		{DDA78D1A-E189-44DB-A4E6-545B251EE605}.Debug|Any CPU.Build.0 = Debug|Any CPU
		{DDA78D1A-E189-44DB-A4E6-545B251EE605}.Release|Any CPU.ActiveCfg = Release|Any CPU
		{DDA78D1A-E189-44DB-A4E6-545B251EE605}.Release|Any CPU.Build.0 = Release|Any CPU
		{F881920A-5CB5-4CD9-85C6-F62ED9B00486}.Debug|Any CPU.ActiveCfg = Debug|Any CPU
		{F881920A-5CB5-4CD9-85C6-F62ED9B00486}.Debug|Any CPU.Build.0 = Debug|Any CPU
		{F881920A-5CB5-4CD9-85C6-F62ED9B00486}.Release|Any CPU.ActiveCfg = Release|Any CPU
		{F881920A-5CB5-4CD9-85C6-F62ED9B00486}.Release|Any CPU.Build.0 = Release|Any CPU
		{9E3CC086-D2F3-432E-A282-14C7492A2EC9}.Debug|Any CPU.ActiveCfg = Debug|Any CPU
		{9E3CC086-D2F3-432E-A282-14C7492A2EC9}.Debug|Any CPU.Build.0 = Debug|Any CPU
		{9E3CC086-D2F3-432E-A282-14C7492A2EC9}.Release|Any CPU.ActiveCfg = Release|Any CPU
		{9E3CC086-D2F3-432E-A282-14C7492A2EC9}.Release|Any CPU.Build.0 = Release|Any CPU
		{16C61937-A59C-4FF0-ADDE-39AD0EDA9A66}.Debug|Any CPU.ActiveCfg = Debug|Any CPU
		{16C61937-A59C-4FF0-ADDE-39AD0EDA9A66}.Debug|Any CPU.Build.0 = Debug|Any CPU
		{16C61937-A59C-4FF0-ADDE-39AD0EDA9A66}.Release|Any CPU.ActiveCfg = Release|Any CPU
		{16C61937-A59C-4FF0-ADDE-39AD0EDA9A66}.Release|Any CPU.Build.0 = Release|Any CPU
		{52F078FB-E028-46A6-8D0F-E5E0D38F29E9}.Debug|Any CPU.ActiveCfg = Debug|Any CPU
		{52F078FB-E028-46A6-8D0F-E5E0D38F29E9}.Debug|Any CPU.Build.0 = Debug|Any CPU
		{52F078FB-E028-46A6-8D0F-E5E0D38F29E9}.Release|Any CPU.ActiveCfg = Release|Any CPU
		{52F078FB-E028-46A6-8D0F-E5E0D38F29E9}.Release|Any CPU.Build.0 = Release|Any CPU
		{8B7B4735-BEC3-40DF-AFEA-236F723D1C31}.Debug|Any CPU.ActiveCfg = Debug|Any CPU
		{8B7B4735-BEC3-40DF-AFEA-236F723D1C31}.Debug|Any CPU.Build.0 = Debug|Any CPU
		{8B7B4735-BEC3-40DF-AFEA-236F723D1C31}.Release|Any CPU.ActiveCfg = Release|Any CPU
		{8B7B4735-BEC3-40DF-AFEA-236F723D1C31}.Release|Any CPU.Build.0 = Release|Any CPU
		{0B767D30-B0F9-4161-94A3-8EABA7811EDB}.Debug|Any CPU.ActiveCfg = Debug|Any CPU
		{0B767D30-B0F9-4161-94A3-8EABA7811EDB}.Debug|Any CPU.Build.0 = Debug|Any CPU
		{0B767D30-B0F9-4161-94A3-8EABA7811EDB}.Release|Any CPU.ActiveCfg = Release|Any CPU
		{0B767D30-B0F9-4161-94A3-8EABA7811EDB}.Release|Any CPU.Build.0 = Release|Any CPU
		{096BC9EE-3EDA-43E3-8E89-098BB38DCA6B}.Debug|Any CPU.ActiveCfg = Debug|Any CPU
		{096BC9EE-3EDA-43E3-8E89-098BB38DCA6B}.Debug|Any CPU.Build.0 = Debug|Any CPU
		{096BC9EE-3EDA-43E3-8E89-098BB38DCA6B}.Release|Any CPU.ActiveCfg = Release|Any CPU
		{096BC9EE-3EDA-43E3-8E89-098BB38DCA6B}.Release|Any CPU.Build.0 = Release|Any CPU
	EndGlobalSection
	GlobalSection(SolutionProperties) = preSolution
		HideSolutionNode = FALSE
	EndGlobalSection
EndGlobal
