
Microsoft Visual Studio Solution File, Format Version 12.00
# Visual Studio 15
VisualStudioVersion = 15.0.26430.6
MinimumVisualStudioVersion = 10.0.40219.1
Project("{FAE04EC0-301F-11D3-BF4B-00C04F79EFBC}") = "01.X", "01.X\01.X.csproj", "{C6104AE6-7837-46C4-9F0E-6AC4B2ACCE15}"
EndProject
Project("{FAE04EC0-301F-11D3-BF4B-00C04F79EFBC}") = "02.VaporStore", "02.VaporStore\02.VaporStore.csproj", "{DAD8415F-E968-405A-A253-2ADFA63494E9}"
EndProject
Project("{FAE04EC0-301F-11D3-BF4B-00C04F79EFBC}") = "03.Megapixels", "03.Megapixels\03.Megapixels.csproj", "{8591FD47-755D-4E39-ADA9-F88E857EFE9E}"
EndProject
Project("{FAE04EC0-301F-11D3-BF4B-00C04F79EFBC}") = "04.Photo Gallery", "04.Photo Gallery\04.Photo Gallery.csproj", "{D37906FC-8251-49FF-9ED1-AA6585869336}"
EndProject
Project("{FAE04EC0-301F-11D3-BF4B-00C04F79EFBC}") = "05.BPM_Counter", "05.BPM_Counter\05.BPM_Counter.csproj", "{6E619D1F-562A-4A3E-BDCD-9BB3AAE01616}"
EndProject
Project("{FAE04EC0-301F-11D3-BF4B-00C04F79EFBC}") = "06.DNA_Sequences", "06.DNA_Sequences\06.DNA_Sequences.csproj", "{6D72B5D9-30AE-4807-BD8E-0F3C3BC80DC7}"
EndProject
Project("{FAE04EC0-301F-11D3-BF4B-00C04F79EFBC}") = "08.SMS", "08.SMS\08.SMS.csproj", "{C9EF351E-4BFF-40AD-9CA9-8C5B5F1158CF}"
EndProject
Project("{FAE04EC0-301F-11D3-BF4B-00C04F79EFBC}") = "07.HallEquipment", "07.HallEquipment\07.HallEquipment.csproj", "{6975FA1A-AF05-4266-A439-62399383731C}"
EndProject
Global
	GlobalSection(SolutionConfigurationPlatforms) = preSolution
		Debug|Any CPU = Debug|Any CPU
		Release|Any CPU = Release|Any CPU
	EndGlobalSection
	GlobalSection(ProjectConfigurationPlatforms) = postSolution
		{C6104AE6-7837-46C4-9F0E-6AC4B2ACCE15}.Debug|Any CPU.ActiveCfg = Debug|Any CPU
		{C6104AE6-7837-46C4-9F0E-6AC4B2ACCE15}.Debug|Any CPU.Build.0 = Debug|Any CPU
		{C6104AE6-7837-46C4-9F0E-6AC4B2ACCE15}.Release|Any CPU.ActiveCfg = Release|Any CPU
		{C6104AE6-7837-46C4-9F0E-6AC4B2ACCE15}.Release|Any CPU.Build.0 = Release|Any CPU
		{DAD8415F-E968-405A-A253-2ADFA63494E9}.Debug|Any CPU.ActiveCfg = Debug|Any CPU
		{DAD8415F-E968-405A-A253-2ADFA63494E9}.Debug|Any CPU.Build.0 = Debug|Any CPU
		{DAD8415F-E968-405A-A253-2ADFA63494E9}.Release|Any CPU.ActiveCfg = Release|Any CPU
		{DAD8415F-E968-405A-A253-2ADFA63494E9}.Release|Any CPU.Build.0 = Release|Any CPU
		{8591FD47-755D-4E39-ADA9-F88E857EFE9E}.Debug|Any CPU.ActiveCfg = Debug|Any CPU
		{8591FD47-755D-4E39-ADA9-F88E857EFE9E}.Debug|Any CPU.Build.0 = Debug|Any CPU
		{8591FD47-755D-4E39-ADA9-F88E857EFE9E}.Release|Any CPU.ActiveCfg = Release|Any CPU
		{8591FD47-755D-4E39-ADA9-F88E857EFE9E}.Release|Any CPU.Build.0 = Release|Any CPU
		{D37906FC-8251-49FF-9ED1-AA6585869336}.Debug|Any CPU.ActiveCfg = Debug|Any CPU
		{D37906FC-8251-49FF-9ED1-AA6585869336}.Debug|Any CPU.Build.0 = Debug|Any CPU
		{D37906FC-8251-49FF-9ED1-AA6585869336}.Release|Any CPU.ActiveCfg = Release|Any CPU
		{D37906FC-8251-49FF-9ED1-AA6585869336}.Release|Any CPU.Build.0 = Release|Any CPU
		{6E619D1F-562A-4A3E-BDCD-9BB3AAE01616}.Debug|Any CPU.ActiveCfg = Debug|Any CPU
		{6E619D1F-562A-4A3E-BDCD-9BB3AAE01616}.Debug|Any CPU.Build.0 = Debug|Any CPU
		{6E619D1F-562A-4A3E-BDCD-9BB3AAE01616}.Release|Any CPU.ActiveCfg = Release|Any CPU
		{6E619D1F-562A-4A3E-BDCD-9BB3AAE01616}.Release|Any CPU.Build.0 = Release|Any CPU
		{6D72B5D9-30AE-4807-BD8E-0F3C3BC80DC7}.Debug|Any CPU.ActiveCfg = Debug|Any CPU
		{6D72B5D9-30AE-4807-BD8E-0F3C3BC80DC7}.Debug|Any CPU.Build.0 = Debug|Any CPU
		{6D72B5D9-30AE-4807-BD8E-0F3C3BC80DC7}.Release|Any CPU.ActiveCfg = Release|Any CPU
		{6D72B5D9-30AE-4807-BD8E-0F3C3BC80DC7}.Release|Any CPU.Build.0 = Release|Any CPU
		{C9EF351E-4BFF-40AD-9CA9-8C5B5F1158CF}.Debug|Any CPU.ActiveCfg = Debug|Any CPU
		{C9EF351E-4BFF-40AD-9CA9-8C5B5F1158CF}.Debug|Any CPU.Build.0 = Debug|Any CPU
		{C9EF351E-4BFF-40AD-9CA9-8C5B5F1158CF}.Release|Any CPU.ActiveCfg = Release|Any CPU
		{C9EF351E-4BFF-40AD-9CA9-8C5B5F1158CF}.Release|Any CPU.Build.0 = Release|Any CPU
		{6975FA1A-AF05-4266-A439-62399383731C}.Debug|Any CPU.ActiveCfg = Debug|Any CPU
		{6975FA1A-AF05-4266-A439-62399383731C}.Debug|Any CPU.Build.0 = Debug|Any CPU
		{6975FA1A-AF05-4266-A439-62399383731C}.Release|Any CPU.ActiveCfg = Release|Any CPU
		{6975FA1A-AF05-4266-A439-62399383731C}.Release|Any CPU.Build.0 = Release|Any CPU
	EndGlobalSection
	GlobalSection(SolutionProperties) = preSolution
		HideSolutionNode = FALSE
	EndGlobalSection
EndGlobal
