
Microsoft Visual Studio Solution File, Format Version 12.00
# Visual Studio 15
VisualStudioVersion = 15.0.27004.2005
MinimumVisualStudioVersion = 10.0.40219.1
Project("{FAE04EC0-301F-11D3-BF4B-00C04F79EFBC}") = "P03_SalesDatabase", "P03_SalesDatabase\P03_SalesDatabase.csproj", "{AD2FD959-2A43-4E1B-A17A-9227B27E3B8E}"
EndProject
Global
	GlobalSection(SolutionConfigurationPlatforms) = preSolution
		Debug|Any CPU = Debug|Any CPU
		Release|Any CPU = Release|Any CPU
	EndGlobalSection
	GlobalSection(ProjectConfigurationPlatforms) = postSolution
		{AD2FD959-2A43-4E1B-A17A-9227B27E3B8E}.Debug|Any CPU.ActiveCfg = Debug|Any CPU
		{AD2FD959-2A43-4E1B-A17A-9227B27E3B8E}.Debug|Any CPU.Build.0 = Debug|Any CPU
		{AD2FD959-2A43-4E1B-A17A-9227B27E3B8E}.Release|Any CPU.ActiveCfg = Release|Any CPU
		{AD2FD959-2A43-4E1B-A17A-9227B27E3B8E}.Release|Any CPU.Build.0 = Release|Any CPU
	EndGlobalSection
	GlobalSection(SolutionProperties) = preSolution
		HideSolutionNode = FALSE
	EndGlobalSection
	GlobalSection(ExtensibilityGlobals) = postSolution
		SolutionGuid = {404AFC30-42DB-4FFF-8807-36DCF6DF3B37}
	EndGlobalSection
EndGlobal
